
Microsoft Visual Studio Solution File, Format Version 12.00
# Visual Studio 15
VisualStudioVersion = 15.0.27703.2042
MinimumVisualStudioVersion = 10.0.40219.1
Project("{FAE04EC0-301F-11D3-BF4B-00C04F79EFBC}") = "Project_CAL", "Project_CAL\Project_CAL.csproj", "{67B6DCE0-AE41-4919-8122-6BCBED8E9055}"
EndProject
Global
	GlobalSection(SolutionConfigurationPlatforms) = preSolution
		Debug|Any CPU = Debug|Any CPU
		Release|Any CPU = Release|Any CPU
	EndGlobalSection
	GlobalSection(ProjectConfigurationPlatforms) = postSolution
		{67B6DCE0-AE41-4919-8122-6BCBED8E9055}.Debug|Any CPU.ActiveCfg = Debug|Any CPU
		{67B6DCE0-AE41-4919-8122-6BCBED8E9055}.Debug|Any CPU.Build.0 = Debug|Any CPU
		{67B6DCE0-AE41-4919-8122-6BCBED8E9055}.Release|Any CPU.ActiveCfg = Release|Any CPU
		{67B6DCE0-AE41-4919-8122-6BCBED8E9055}.Release|Any CPU.Build.0 = Release|Any CPU
	EndGlobalSection
	GlobalSection(SolutionProperties) = preSolution
		HideSolutionNode = FALSE
	EndGlobalSection
	GlobalSection(ExtensibilityGlobals) = postSolution
		SolutionGuid = {61FDCFE0-24A9-4538-B863-AD9677BB4DDA}
	EndGlobalSection
EndGlobal
